
Microsoft Visual Studio Solution File, Format Version 12.00
# Visual Studio 15
VisualStudioVersion = 15.0.28010.2026
MinimumVisualStudioVersion = 10.0.40219.1
Project("{FAE04EC0-301F-11D3-BF4B-00C04F79EFBC}") = "AppListDal", "AppListDal\AppListDal.csproj", "{30B317A8-D992-4533-9A4A-FCC2B0A06854}"
EndProject
Project("{FAE04EC0-301F-11D3-BF4B-00C04F79EFBC}") = "AppTestDal", "AppTestDal\AppTestDal.csproj", "{D3EFB281-6CDC-4D76-9921-71EFA9137FC5}"
EndProject
Project("{FAE04EC0-301F-11D3-BF4B-00C04F79EFBC}") = "ApplicationList", "ApplicationList\ApplicationList.csproj", "{2757FA6D-F007-4764-ACFF-BA3A4D424973}"
EndProject
Global
	GlobalSection(SolutionConfigurationPlatforms) = preSolution
		Debug|Any CPU = Debug|Any CPU
		Release|Any CPU = Release|Any CPU
	EndGlobalSection
	GlobalSection(ProjectConfigurationPlatforms) = postSolution
		{30B317A8-D992-4533-9A4A-FCC2B0A06854}.Debug|Any CPU.ActiveCfg = Debug|Any CPU
		{30B317A8-D992-4533-9A4A-FCC2B0A06854}.Debug|Any CPU.Build.0 = Debug|Any CPU
		{30B317A8-D992-4533-9A4A-FCC2B0A06854}.Release|Any CPU.ActiveCfg = Release|Any CPU
		{30B317A8-D992-4533-9A4A-FCC2B0A06854}.Release|Any CPU.Build.0 = Release|Any CPU
		{D3EFB281-6CDC-4D76-9921-71EFA9137FC5}.Debug|Any CPU.ActiveCfg = Debug|Any CPU
		{D3EFB281-6CDC-4D76-9921-71EFA9137FC5}.Debug|Any CPU.Build.0 = Debug|Any CPU
		{D3EFB281-6CDC-4D76-9921-71EFA9137FC5}.Release|Any CPU.ActiveCfg = Release|Any CPU
		{D3EFB281-6CDC-4D76-9921-71EFA9137FC5}.Release|Any CPU.Build.0 = Release|Any CPU
		{2757FA6D-F007-4764-ACFF-BA3A4D424973}.Debug|Any CPU.ActiveCfg = Debug|Any CPU
		{2757FA6D-F007-4764-ACFF-BA3A4D424973}.Debug|Any CPU.Build.0 = Debug|Any CPU
		{2757FA6D-F007-4764-ACFF-BA3A4D424973}.Release|Any CPU.ActiveCfg = Release|Any CPU
		{2757FA6D-F007-4764-ACFF-BA3A4D424973}.Release|Any CPU.Build.0 = Release|Any CPU
	EndGlobalSection
	GlobalSection(SolutionProperties) = preSolution
		HideSolutionNode = FALSE
	EndGlobalSection
	GlobalSection(ExtensibilityGlobals) = postSolution
		SolutionGuid = {DA4575B8-7540-4D2E-9EF4-7B28C316D3AE}
	EndGlobalSection
EndGlobal
